
Microsoft Visual Studio Solution File, Format Version 12.00
# Visual Studio Version 17
VisualStudioVersion = 17.5.002.0
MinimumVisualStudioVersion = 10.0.40219.1
Project("{9A19103F-16F7-4668-BE54-9A1E7A4F7556}") = "Orientação objetos", "001-conceitos\Orientação objetos.csproj", "{C954645F-9A01-47E8-866D-67E067F67B08}"
EndProject
Project("{9A19103F-16F7-4668-BE54-9A1E7A4F7556}") = "002-métodos", "002-métodos\002-métodos.csproj", "{8116BEF0-5E4D-4086-835B-9E4479AB0B91}"
EndProject
Global
	GlobalSection(SolutionConfigurationPlatforms) = preSolution
		Debug|Any CPU = Debug|Any CPU
		Release|Any CPU = Release|Any CPU
	EndGlobalSection
	GlobalSection(ProjectConfigurationPlatforms) = postSolution
		{C954645F-9A01-47E8-866D-67E067F67B08}.Debug|Any CPU.ActiveCfg = Debug|Any CPU
		{C954645F-9A01-47E8-866D-67E067F67B08}.Debug|Any CPU.Build.0 = Debug|Any CPU
		{C954645F-9A01-47E8-866D-67E067F67B08}.Release|Any CPU.ActiveCfg = Release|Any CPU
		{C954645F-9A01-47E8-866D-67E067F67B08}.Release|Any CPU.Build.0 = Release|Any CPU
		{8116BEF0-5E4D-4086-835B-9E4479AB0B91}.Debug|Any CPU.ActiveCfg = Debug|Any CPU
		{8116BEF0-5E4D-4086-835B-9E4479AB0B91}.Debug|Any CPU.Build.0 = Debug|Any CPU
		{8116BEF0-5E4D-4086-835B-9E4479AB0B91}.Release|Any CPU.ActiveCfg = Release|Any CPU
		{8116BEF0-5E4D-4086-835B-9E4479AB0B91}.Release|Any CPU.Build.0 = Release|Any CPU
	EndGlobalSection
	GlobalSection(SolutionProperties) = preSolution
		HideSolutionNode = FALSE
	EndGlobalSection
	GlobalSection(ExtensibilityGlobals) = postSolution
		SolutionGuid = {B49F3A7A-ED8E-4042-8E1D-21CFC756A699}
	EndGlobalSection
EndGlobal
